// !$*UTF8*$!
{
	archiveVersion = 1;
	classes = {
	};
	objectVersion = 51;
	objects = {

/* Begin PBXBuildFile section */
		2B8604182750D7DC00727A8E /* AppDelegate.swift in Sources */ = {isa = PBXBuildFile; fileRef = 2B8604172750D7DC00727A8E /* AppDelegate.swift */; };
		2B8604212750D7DD00727A8E /* Assets.xcassets in Resources */ = {isa = PBXBuildFile; fileRef = 2B8604202750D7DD00727A8E /* Assets.xcassets */; };
		2B8604242750D7DD00727A8E /* LaunchScreen.storyboard in Resources */ = {isa = PBXBuildFile; fileRef = 2B8604222750D7DD00727A8E /* LaunchScreen.storyboard */; };
		2B8604302750DF5600727A8E /* APIServices.swift in Sources */ = {isa = PBXBuildFile; fileRef = 2B86042F2750DF5600727A8E /* APIServices.swift */; };
		2B8604322750DF8300727A8E /* APIUrls.swift in Sources */ = {isa = PBXBuildFile; fileRef = 2B8604312750DF8300727A8E /* APIUrls.swift */; };
		2B8AB6FA2753889A004EE730 /* RecipeSearchViewController.swift in Sources */ = {isa = PBXBuildFile; fileRef = 2B8AB6F82753889A004EE730 /* RecipeSearchViewController.swift */; };
		2B8AB6FB2753889A004EE730 /* RecipeSearchViewController.xib in Resources */ = {isa = PBXBuildFile; fileRef = 2B8AB6F92753889A004EE730 /* RecipeSearchViewController.xib */; };
		2B8AB70627538948004EE730 /* RecipeDetailsViewController.swift in Sources */ = {isa = PBXBuildFile; fileRef = 2B8AB70427538948004EE730 /* RecipeDetailsViewController.swift */; };
		2B8AB70727538948004EE730 /* RecipeDetailsViewController.xib in Resources */ = {isa = PBXBuildFile; fileRef = 2B8AB70527538948004EE730 /* RecipeDetailsViewController.xib */; };
		2B8AB70A27538CBD004EE730 /* RecipeSearch+CollectionViewDelegates.swift in Sources */ = {isa = PBXBuildFile; fileRef = 2B8AB70927538CBD004EE730 /* RecipeSearch+CollectionViewDelegates.swift */; };
		2B8AB70C27538CD0004EE730 /* RecipeSearch+TableViewDelegates.swift in Sources */ = {isa = PBXBuildFile; fileRef = 2B8AB70B27538CD0004EE730 /* RecipeSearch+TableViewDelegates.swift */; };
		2B8AB70E27538D97004EE730 /* RecipeSearch+SearchBarDelegates.swift in Sources */ = {isa = PBXBuildFile; fileRef = 2B8AB70D27538D97004EE730 /* RecipeSearch+SearchBarDelegates.swift */; };
		2B8AB71427538F42004EE730 /* RecipeCategoryCollectionViewCell.swift in Sources */ = {isa = PBXBuildFile; fileRef = 2B8AB71227538F42004EE730 /* RecipeCategoryCollectionViewCell.swift */; };
		2B8AB71527538F42004EE730 /* RecipeCategoryCollectionViewCell.xib in Resources */ = {isa = PBXBuildFile; fileRef = 2B8AB71327538F42004EE730 /* RecipeCategoryCollectionViewCell.xib */; };
		2B8AB71927538F5D004EE730 /* RecipeResultTableViewCell.swift in Sources */ = {isa = PBXBuildFile; fileRef = 2B8AB71727538F5D004EE730 /* RecipeResultTableViewCell.swift */; };
		2B8AB71A27538F5D004EE730 /* RecipeResultTableViewCell.xib in Resources */ = {isa = PBXBuildFile; fileRef = 2B8AB71827538F5D004EE730 /* RecipeResultTableViewCell.xib */; };
		2B8AB71C27539698004EE730 /* String+Extension.swift in Sources */ = {isa = PBXBuildFile; fileRef = 2B8AB71B27539698004EE730 /* String+Extension.swift */; };
		2B8AB71E275396D1004EE730 /* UIView+Extension.swift in Sources */ = {isa = PBXBuildFile; fileRef = 2B8AB71D275396D1004EE730 /* UIView+Extension.swift */; };
		2B8AB72027539706004EE730 /* UIViewController+Extension.swift in Sources */ = {isa = PBXBuildFile; fileRef = 2B8AB71F27539706004EE730 /* UIViewController+Extension.swift */; };
		2B8AB72227539775004EE730 /* UICollectionView+Extension.swift in Sources */ = {isa = PBXBuildFile; fileRef = 2B8AB72127539775004EE730 /* UICollectionView+Extension.swift */; };
		2B8AB72427539795004EE730 /* UITableView+Extension.swift in Sources */ = {isa = PBXBuildFile; fileRef = 2B8AB72327539795004EE730 /* UITableView+Extension.swift */; };
		2B8AB7272753A593004EE730 /* RecipeDetailsTableViewCell.swift in Sources */ = {isa = PBXBuildFile; fileRef = 2B8AB7252753A593004EE730 /* RecipeDetailsTableViewCell.swift */; };
		2B8AB7282753A593004EE730 /* RecipeDetailsTableViewCell.xib in Resources */ = {isa = PBXBuildFile; fileRef = 2B8AB7262753A593004EE730 /* RecipeDetailsTableViewCell.xib */; };
		2B8AB72A2753A6B9004EE730 /* RecipeDetails+TableViewDelegates.swift in Sources */ = {isa = PBXBuildFile; fileRef = 2B8AB7292753A6B9004EE730 /* RecipeDetails+TableViewDelegates.swift */; };
		2B8E6F792754DB080029B0E0 /* RecipeSearchProtocols.swift in Sources */ = {isa = PBXBuildFile; fileRef = 2B8E6F782754DB080029B0E0 /* RecipeSearchProtocols.swift */; };
		2B8E6F7B2754E7770029B0E0 /* RecipeSearchPresenter.swift in Sources */ = {isa = PBXBuildFile; fileRef = 2B8E6F7A2754E7770029B0E0 /* RecipeSearchPresenter.swift */; };
		2B8E6F7D2754E7E20029B0E0 /* RecipeSearchInteractor.swift in Sources */ = {isa = PBXBuildFile; fileRef = 2B8E6F7C2754E7E20029B0E0 /* RecipeSearchInteractor.swift */; };
		2B8E6F7F2754E8090029B0E0 /* RecipeSearchRouter.swift in Sources */ = {isa = PBXBuildFile; fileRef = 2B8E6F7E2754E8090029B0E0 /* RecipeSearchRouter.swift */; };
		2B8E6F812754E8DF0029B0E0 /* RecipeData.swift in Sources */ = {isa = PBXBuildFile; fileRef = 2B8E6F802754E8DF0029B0E0 /* RecipeData.swift */; };
		2B925CE12755670A007EA331 /* RecipeSearchWorker.swift in Sources */ = {isa = PBXBuildFile; fileRef = 2B925CE02755670A007EA331 /* RecipeSearchWorker.swift */; };
		2BB337C3275589AA004B9C0F /* RecipeSearch.swift in Sources */ = {isa = PBXBuildFile; fileRef = 2BB337C2275589AA004B9C0F /* RecipeSearch.swift */; };
		BAD4C45F89DC21B2F92A7CC7 /* Pods_Recipe_Search_iOS.framework in Frameworks */ = {isa = PBXBuildFile; fileRef = E285BF96063EC581D3BFD70A /* Pods_Recipe_Search_iOS.framework */; };
/* End PBXBuildFile section */

/* Begin PBXFileReference section */
		2B8604142750D7DC00727A8E /* Recipe-Search-iOS.app */ = {isa = PBXFileReference; explicitFileType = wrapper.application; includeInIndex = 0; path = "Recipe-Search-iOS.app"; sourceTree = BUILT_PRODUCTS_DIR; };
		2B8604172750D7DC00727A8E /* AppDelegate.swift */ = {isa = PBXFileReference; lastKnownFileType = sourcecode.swift; path = AppDelegate.swift; sourceTree = "<group>"; };
		2B8604202750D7DD00727A8E /* Assets.xcassets */ = {isa = PBXFileReference; lastKnownFileType = folder.assetcatalog; path = Assets.xcassets; sourceTree = "<group>"; };
		2B8604232750D7DD00727A8E /* Base */ = {isa = PBXFileReference; lastKnownFileType = file.storyboard; name = Base; path = Base.lproj/LaunchScreen.storyboard; sourceTree = "<group>"; };
		2B8604252750D7DD00727A8E /* Info.plist */ = {isa = PBXFileReference; lastKnownFileType = text.plist.xml; path = Info.plist; sourceTree = "<group>"; };
		2B86042F2750DF5600727A8E /* APIServices.swift */ = {isa = PBXFileReference; lastKnownFileType = sourcecode.swift; path = APIServices.swift; sourceTree = "<group>"; };
		2B8604312750DF8300727A8E /* APIUrls.swift */ = {isa = PBXFileReference; lastKnownFileType = sourcecode.swift; path = APIUrls.swift; sourceTree = "<group>"; };
		2B8AB6F82753889A004EE730 /* RecipeSearchViewController.swift */ = {isa = PBXFileReference; lastKnownFileType = sourcecode.swift; path = RecipeSearchViewController.swift; sourceTree = "<group>"; };
		2B8AB6F92753889A004EE730 /* RecipeSearchViewController.xib */ = {isa = PBXFileReference; lastKnownFileType = file.xib; path = RecipeSearchViewController.xib; sourceTree = "<group>"; };
		2B8AB70427538948004EE730 /* RecipeDetailsViewController.swift */ = {isa = PBXFileReference; lastKnownFileType = sourcecode.swift; path = RecipeDetailsViewController.swift; sourceTree = "<group>"; };
		2B8AB70527538948004EE730 /* RecipeDetailsViewController.xib */ = {isa = PBXFileReference; lastKnownFileType = file.xib; path = RecipeDetailsViewController.xib; sourceTree = "<group>"; };
		2B8AB70927538CBD004EE730 /* RecipeSearch+CollectionViewDelegates.swift */ = {isa = PBXFileReference; lastKnownFileType = sourcecode.swift; path = "RecipeSearch+CollectionViewDelegates.swift"; sourceTree = "<group>"; };
		2B8AB70B27538CD0004EE730 /* RecipeSearch+TableViewDelegates.swift */ = {isa = PBXFileReference; lastKnownFileType = sourcecode.swift; path = "RecipeSearch+TableViewDelegates.swift"; sourceTree = "<group>"; };
		2B8AB70D27538D97004EE730 /* RecipeSearch+SearchBarDelegates.swift */ = {isa = PBXFileReference; lastKnownFileType = sourcecode.swift; path = "RecipeSearch+SearchBarDelegates.swift"; sourceTree = "<group>"; };
		2B8AB71227538F42004EE730 /* RecipeCategoryCollectionViewCell.swift */ = {isa = PBXFileReference; lastKnownFileType = sourcecode.swift; path = RecipeCategoryCollectionViewCell.swift; sourceTree = "<group>"; };
		2B8AB71327538F42004EE730 /* RecipeCategoryCollectionViewCell.xib */ = {isa = PBXFileReference; lastKnownFileType = file.xib; path = RecipeCategoryCollectionViewCell.xib; sourceTree = "<group>"; };
		2B8AB71727538F5D004EE730 /* RecipeResultTableViewCell.swift */ = {isa = PBXFileReference; lastKnownFileType = sourcecode.swift; path = RecipeResultTableViewCell.swift; sourceTree = "<group>"; };
		2B8AB71827538F5D004EE730 /* RecipeResultTableViewCell.xib */ = {isa = PBXFileReference; lastKnownFileType = file.xib; path = RecipeResultTableViewCell.xib; sourceTree = "<group>"; };
		2B8AB71B27539698004EE730 /* String+Extension.swift */ = {isa = PBXFileReference; lastKnownFileType = sourcecode.swift; path = "String+Extension.swift"; sourceTree = "<group>"; };
		2B8AB71D275396D1004EE730 /* UIView+Extension.swift */ = {isa = PBXFileReference; lastKnownFileType = sourcecode.swift; path = "UIView+Extension.swift"; sourceTree = "<group>"; };
		2B8AB71F27539706004EE730 /* UIViewController+Extension.swift */ = {isa = PBXFileReference; lastKnownFileType = sourcecode.swift; path = "UIViewController+Extension.swift"; sourceTree = "<group>"; };
		2B8AB72127539775004EE730 /* UICollectionView+Extension.swift */ = {isa = PBXFileReference; lastKnownFileType = sourcecode.swift; path = "UICollectionView+Extension.swift"; sourceTree = "<group>"; };
		2B8AB72327539795004EE730 /* UITableView+Extension.swift */ = {isa = PBXFileReference; lastKnownFileType = sourcecode.swift; path = "UITableView+Extension.swift"; sourceTree = "<group>"; };
		2B8AB7252753A593004EE730 /* RecipeDetailsTableViewCell.swift */ = {isa = PBXFileReference; lastKnownFileType = sourcecode.swift; path = RecipeDetailsTableViewCell.swift; sourceTree = "<group>"; };
		2B8AB7262753A593004EE730 /* RecipeDetailsTableViewCell.xib */ = {isa = PBXFileReference; lastKnownFileType = file.xib; path = RecipeDetailsTableViewCell.xib; sourceTree = "<group>"; };
		2B8AB7292753A6B9004EE730 /* RecipeDetails+TableViewDelegates.swift */ = {isa = PBXFileReference; lastKnownFileType = sourcecode.swift; path = "RecipeDetails+TableViewDelegates.swift"; sourceTree = "<group>"; };
		2B8E6F782754DB080029B0E0 /* RecipeSearchProtocols.swift */ = {isa = PBXFileReference; lastKnownFileType = sourcecode.swift; path = RecipeSearchProtocols.swift; sourceTree = "<group>"; };
		2B8E6F7A2754E7770029B0E0 /* RecipeSearchPresenter.swift */ = {isa = PBXFileReference; lastKnownFileType = sourcecode.swift; path = RecipeSearchPresenter.swift; sourceTree = "<group>"; };
		2B8E6F7C2754E7E20029B0E0 /* RecipeSearchInteractor.swift */ = {isa = PBXFileReference; lastKnownFileType = sourcecode.swift; path = RecipeSearchInteractor.swift; sourceTree = "<group>"; };
		2B8E6F7E2754E8090029B0E0 /* RecipeSearchRouter.swift */ = {isa = PBXFileReference; lastKnownFileType = sourcecode.swift; path = RecipeSearchRouter.swift; sourceTree = "<group>"; };
		2B8E6F802754E8DF0029B0E0 /* RecipeData.swift */ = {isa = PBXFileReference; lastKnownFileType = sourcecode.swift; path = RecipeData.swift; sourceTree = "<group>"; };
		2B925CE02755670A007EA331 /* RecipeSearchWorker.swift */ = {isa = PBXFileReference; lastKnownFileType = sourcecode.swift; path = RecipeSearchWorker.swift; sourceTree = "<group>"; };
		2BB337C2275589AA004B9C0F /* RecipeSearch.swift */ = {isa = PBXFileReference; lastKnownFileType = sourcecode.swift; path = RecipeSearch.swift; sourceTree = "<group>"; };
		60F123DDB52E41765C5AA239 /* Pods-Recipe-Search-iOS.release.xcconfig */ = {isa = PBXFileReference; includeInIndex = 1; lastKnownFileType = text.xcconfig; name = "Pods-Recipe-Search-iOS.release.xcconfig"; path = "Target Support Files/Pods-Recipe-Search-iOS/Pods-Recipe-Search-iOS.release.xcconfig"; sourceTree = "<group>"; };
		E285BF96063EC581D3BFD70A /* Pods_Recipe_Search_iOS.framework */ = {isa = PBXFileReference; explicitFileType = wrapper.framework; includeInIndex = 0; path = Pods_Recipe_Search_iOS.framework; sourceTree = BUILT_PRODUCTS_DIR; };
		F4841AF2F17E60B4FEFB8EDD /* Pods-Recipe-Search-iOS.debug.xcconfig */ = {isa = PBXFileReference; includeInIndex = 1; lastKnownFileType = text.xcconfig; name = "Pods-Recipe-Search-iOS.debug.xcconfig"; path = "Target Support Files/Pods-Recipe-Search-iOS/Pods-Recipe-Search-iOS.debug.xcconfig"; sourceTree = "<group>"; };
/* End PBXFileReference section */

/* Begin PBXFrameworksBuildPhase section */
		2B8604112750D7DC00727A8E /* Frameworks */ = {
			isa = PBXFrameworksBuildPhase;
			buildActionMask = 2147483647;
			files = (
				BAD4C45F89DC21B2F92A7CC7 /* Pods_Recipe_Search_iOS.framework in Frameworks */,
			);
			runOnlyForDeploymentPostprocessing = 0;
		};
/* End PBXFrameworksBuildPhase section */

/* Begin PBXGroup section */
		043C52B89678F70718EBCECB /* Frameworks */ = {
			isa = PBXGroup;
			children = (
				E285BF96063EC581D3BFD70A /* Pods_Recipe_Search_iOS.framework */,
			);
			name = Frameworks;
			sourceTree = "<group>";
		};
		2B86040B2750D7DC00727A8E = {
			isa = PBXGroup;
			children = (
				2B8604162750D7DC00727A8E /* Recipe-Search-iOS */,
				2B8604152750D7DC00727A8E /* Products */,
				BA85DA74BBD49F0146C9A220 /* Pods */,
				043C52B89678F70718EBCECB /* Frameworks */,
			);
			sourceTree = "<group>";
		};
		2B8604152750D7DC00727A8E /* Products */ = {
			isa = PBXGroup;
			children = (
				2B8604142750D7DC00727A8E /* Recipe-Search-iOS.app */,
			);
			name = Products;
			sourceTree = "<group>";
		};
		2B8604162750D7DC00727A8E /* Recipe-Search-iOS */ = {
			isa = PBXGroup;
			children = (
				2B86042B2750D82600727A8E /* Delegates */,
				2B86042C2750DEFB00727A8E /* Resources */,
				2B8AB70827538C85004EE730 /* Extension */,
				2B8AB6F527538829004EE730 /* Entities */,
				2B86042E2750DF3C00727A8E /* Network */,
				2B8AB6F027538764004EE730 /* VIPER */,
				2B8604252750D7DD00727A8E /* Info.plist */,
			);
			path = "Recipe-Search-iOS";
			sourceTree = "<group>";
		};
		2B86042B2750D82600727A8E /* Delegates */ = {
			isa = PBXGroup;
			children = (
				2B8604172750D7DC00727A8E /* AppDelegate.swift */,
			);
			path = Delegates;
			sourceTree = "<group>";
		};
		2B86042C2750DEFB00727A8E /* Resources */ = {
			isa = PBXGroup;
			children = (
				2B8604202750D7DD00727A8E /* Assets.xcassets */,
				2B8604222750D7DD00727A8E /* LaunchScreen.storyboard */,
			);
			path = Resources;
			sourceTree = "<group>";
		};
		2B86042E2750DF3C00727A8E /* Network */ = {
			isa = PBXGroup;
			children = (
				2B8604312750DF8300727A8E /* APIUrls.swift */,
				2B86042F2750DF5600727A8E /* APIServices.swift */,
			);
			path = Network;
			sourceTree = "<group>";
		};
		2B8AB6F027538764004EE730 /* VIPER */ = {
			isa = PBXGroup;
			children = (
				2B8AB6F127538784004EE730 /* Recipe Search */,
				2B8AB6FD275388E5004EE730 /* Recipe Details */,
			);
			path = VIPER;
			sourceTree = "<group>";
		};
		2B8AB6F127538784004EE730 /* Recipe Search */ = {
			isa = PBXGroup;
			children = (
				2B8AB6F2275387F8004EE730 /* View */,
				2B8E6F772754DA6F0029B0E0 /* Protocols */,
				2B8AB6F327538805004EE730 /* Presenter */,
				2B8AB6F427538820004EE730 /* Interactor */,
				2B925CDF275566F0007EA331 /* Workers */,
				2B8AB6F62753884E004EE730 /* Router */,
			);
			path = "Recipe Search";
			sourceTree = "<group>";
		};
		2B8AB6F2275387F8004EE730 /* View */ = {
			isa = PBXGroup;
			children = (
				2B8AB6FC2753889E004EE730 /* Cells */,
				2B8AB6F82753889A004EE730 /* RecipeSearchViewController.swift */,
				2B8AB70B27538CD0004EE730 /* RecipeSearch+TableViewDelegates.swift */,
				2B8AB70927538CBD004EE730 /* RecipeSearch+CollectionViewDelegates.swift */,
				2B8AB70D27538D97004EE730 /* RecipeSearch+SearchBarDelegates.swift */,
				2B8AB6F92753889A004EE730 /* RecipeSearchViewController.xib */,
			);
			path = View;
			sourceTree = "<group>";
		};
		2B8AB6F327538805004EE730 /* Presenter */ = {
			isa = PBXGroup;
			children = (
				2B8E6F7A2754E7770029B0E0 /* RecipeSearchPresenter.swift */,
			);
			path = Presenter;
			sourceTree = "<group>";
		};
		2B8AB6F427538820004EE730 /* Interactor */ = {
			isa = PBXGroup;
			children = (
				2B8E6F7C2754E7E20029B0E0 /* RecipeSearchInteractor.swift */,
			);
			path = Interactor;
			sourceTree = "<group>";
		};
		2B8AB6F527538829004EE730 /* Entities */ = {
			isa = PBXGroup;
			children = (
				2BB337C2275589AA004B9C0F /* RecipeSearch.swift */,
				2B8E6F802754E8DF0029B0E0 /* RecipeData.swift */,
			);
			path = Entities;
			sourceTree = "<group>";
		};
		2B8AB6F62753884E004EE730 /* Router */ = {
			isa = PBXGroup;
			children = (
				2B8E6F7E2754E8090029B0E0 /* RecipeSearchRouter.swift */,
			);
			path = Router;
			sourceTree = "<group>";
		};
		2B8AB6FC2753889E004EE730 /* Cells */ = {
			isa = PBXGroup;
			children = (
				2B8AB71027538F25004EE730 /* Category */,
				2B8AB71127538F2F004EE730 /* Result */,
			);
			path = Cells;
			sourceTree = "<group>";
		};
		2B8AB6FD275388E5004EE730 /* Recipe Details */ = {
			isa = PBXGroup;
			children = (
				2B8AB70227538921004EE730 /* View */,
				2B8AB70127538918004EE730 /* Presenter */,
				2B8AB7002753890F004EE730 /* Interactor */,
				2B8AB6FF27538907004EE730 /* Entity */,
				2B8AB6FE27538900004EE730 /* Router */,
			);
			path = "Recipe Details";
			sourceTree = "<group>";
		};
		2B8AB6FE27538900004EE730 /* Router */ = {
			isa = PBXGroup;
			children = (
			);
			path = Router;
			sourceTree = "<group>";
		};
		2B8AB6FF27538907004EE730 /* Entity */ = {
			isa = PBXGroup;
			children = (
			);
			path = Entity;
			sourceTree = "<group>";
		};
		2B8AB7002753890F004EE730 /* Interactor */ = {
			isa = PBXGroup;
			children = (
			);
			path = Interactor;
			sourceTree = "<group>";
		};
		2B8AB70127538918004EE730 /* Presenter */ = {
			isa = PBXGroup;
			children = (
			);
			path = Presenter;
			sourceTree = "<group>";
		};
		2B8AB70227538921004EE730 /* View */ = {
			isa = PBXGroup;
			children = (
				2B8AB70327538928004EE730 /* Cells */,
				2B8AB70427538948004EE730 /* RecipeDetailsViewController.swift */,
				2B8AB7292753A6B9004EE730 /* RecipeDetails+TableViewDelegates.swift */,
				2B8AB70527538948004EE730 /* RecipeDetailsViewController.xib */,
			);
			path = View;
			sourceTree = "<group>";
		};
		2B8AB70327538928004EE730 /* Cells */ = {
			isa = PBXGroup;
			children = (
				2B8AB7252753A593004EE730 /* RecipeDetailsTableViewCell.swift */,
				2B8AB7262753A593004EE730 /* RecipeDetailsTableViewCell.xib */,
			);
			path = Cells;
			sourceTree = "<group>";
		};
		2B8AB70827538C85004EE730 /* Extension */ = {
			isa = PBXGroup;
			children = (
				2B8AB71B27539698004EE730 /* String+Extension.swift */,
				2B8AB71D275396D1004EE730 /* UIView+Extension.swift */,
				2B8AB71F27539706004EE730 /* UIViewController+Extension.swift */,
				2B8AB72127539775004EE730 /* UICollectionView+Extension.swift */,
				2B8AB72327539795004EE730 /* UITableView+Extension.swift */,
			);
			path = Extension;
			sourceTree = "<group>";
		};
		2B8AB71027538F25004EE730 /* Category */ = {
			isa = PBXGroup;
			children = (
				2B8AB71227538F42004EE730 /* RecipeCategoryCollectionViewCell.swift */,
				2B8AB71327538F42004EE730 /* RecipeCategoryCollectionViewCell.xib */,
			);
			path = Category;
			sourceTree = "<group>";
		};
		2B8AB71127538F2F004EE730 /* Result */ = {
			isa = PBXGroup;
			children = (
				2B8AB71727538F5D004EE730 /* RecipeResultTableViewCell.swift */,
				2B8AB71827538F5D004EE730 /* RecipeResultTableViewCell.xib */,
			);
			path = Result;
			sourceTree = "<group>";
		};
		2B8E6F772754DA6F0029B0E0 /* Protocols */ = {
			isa = PBXGroup;
			children = (
				2B8E6F782754DB080029B0E0 /* RecipeSearchProtocols.swift */,
			);
			path = Protocols;
			sourceTree = "<group>";
		};
		2B925CDF275566F0007EA331 /* Workers */ = {
			isa = PBXGroup;
			children = (
				2B925CE02755670A007EA331 /* RecipeSearchWorker.swift */,
			);
			path = Workers;
			sourceTree = "<group>";
		};
		BA85DA74BBD49F0146C9A220 /* Pods */ = {
			isa = PBXGroup;
			children = (
				F4841AF2F17E60B4FEFB8EDD /* Pods-Recipe-Search-iOS.debug.xcconfig */,
				60F123DDB52E41765C5AA239 /* Pods-Recipe-Search-iOS.release.xcconfig */,
			);
			path = Pods;
			sourceTree = "<group>";
		};
/* End PBXGroup section */

/* Begin PBXNativeTarget section */
		2B8604132750D7DC00727A8E /* Recipe-Search-iOS */ = {
			isa = PBXNativeTarget;
			buildConfigurationList = 2B8604282750D7DD00727A8E /* Build configuration list for PBXNativeTarget "Recipe-Search-iOS" */;
			buildPhases = (
				8B21617DCFEB81FD40665CCD /* [CP] Check Pods Manifest.lock */,
				2B8604102750D7DC00727A8E /* Sources */,
				2B8604112750D7DC00727A8E /* Frameworks */,
				2B8604122750D7DC00727A8E /* Resources */,
				D1C24B4528125AFD5D793EA8 /* [CP] Embed Pods Frameworks */,
			);
			buildRules = (
			);
			dependencies = (
			);
			name = "Recipe-Search-iOS";
			productName = "Recipe-Search-iOS";
			productReference = 2B8604142750D7DC00727A8E /* Recipe-Search-iOS.app */;
			productType = "com.apple.product-type.application";
		};
/* End PBXNativeTarget section */

/* Begin PBXProject section */
		2B86040C2750D7DC00727A8E /* Project object */ = {
			isa = PBXProject;
			attributes = {
				LastSwiftUpdateCheck = 1250;
				LastUpgradeCheck = 1250;
				TargetAttributes = {
					2B8604132750D7DC00727A8E = {
						CreatedOnToolsVersion = 12.5.1;
					};
				};
			};
			buildConfigurationList = 2B86040F2750D7DC00727A8E /* Build configuration list for PBXProject "Recipe-Search-iOS" */;
			compatibilityVersion = "Xcode 9.3";
			developmentRegion = en;
			hasScannedForEncodings = 0;
			knownRegions = (
				en,
				Base,
			);
			mainGroup = 2B86040B2750D7DC00727A8E;
			productRefGroup = 2B8604152750D7DC00727A8E /* Products */;
			projectDirPath = "";
			projectRoot = "";
			targets = (
				2B8604132750D7DC00727A8E /* Recipe-Search-iOS */,
			);
		};
/* End PBXProject section */

/* Begin PBXResourcesBuildPhase section */
		2B8604122750D7DC00727A8E /* Resources */ = {
			isa = PBXResourcesBuildPhase;
			buildActionMask = 2147483647;
			files = (
				2B8604242750D7DD00727A8E /* LaunchScreen.storyboard in Resources */,
				2B8AB71527538F42004EE730 /* RecipeCategoryCollectionViewCell.xib in Resources */,
				2B8AB70727538948004EE730 /* RecipeDetailsViewController.xib in Resources */,
				2B8AB6FB2753889A004EE730 /* RecipeSearchViewController.xib in Resources */,
				2B8AB7282753A593004EE730 /* RecipeDetailsTableViewCell.xib in Resources */,
				2B8AB71A27538F5D004EE730 /* RecipeResultTableViewCell.xib in Resources */,
				2B8604212750D7DD00727A8E /* Assets.xcassets in Resources */,
			);
			runOnlyForDeploymentPostprocessing = 0;
		};
/* End PBXResourcesBuildPhase section */

/* Begin PBXShellScriptBuildPhase section */
		8B21617DCFEB81FD40665CCD /* [CP] Check Pods Manifest.lock */ = {
			isa = PBXShellScriptBuildPhase;
			buildActionMask = 2147483647;
			files = (
			);
			inputFileListPaths = (
			);
			inputPaths = (
				"${PODS_PODFILE_DIR_PATH}/Podfile.lock",
				"${PODS_ROOT}/Manifest.lock",
			);
			name = "[CP] Check Pods Manifest.lock";
			outputFileListPaths = (
			);
			outputPaths = (
				"$(DERIVED_FILE_DIR)/Pods-Recipe-Search-iOS-checkManifestLockResult.txt",
			);
			runOnlyForDeploymentPostprocessing = 0;
			shellPath = /bin/sh;
			shellScript = "diff \"${PODS_PODFILE_DIR_PATH}/Podfile.lock\" \"${PODS_ROOT}/Manifest.lock\" > /dev/null\nif [ $? != 0 ] ; then\n    # print error to STDERR\n    echo \"error: The sandbox is not in sync with the Podfile.lock. Run 'pod install' or update your CocoaPods installation.\" >&2\n    exit 1\nfi\n# This output is used by Xcode 'outputs' to avoid re-running this script phase.\necho \"SUCCESS\" > \"${SCRIPT_OUTPUT_FILE_0}\"\n";
			showEnvVarsInLog = 0;
		};
		D1C24B4528125AFD5D793EA8 /* [CP] Embed Pods Frameworks */ = {
			isa = PBXShellScriptBuildPhase;
			buildActionMask = 2147483647;
			files = (
			);
			inputFileListPaths = (
				"${PODS_ROOT}/Target Support Files/Pods-Recipe-Search-iOS/Pods-Recipe-Search-iOS-frameworks-${CONFIGURATION}-input-files.xcfilelist",
			);
			name = "[CP] Embed Pods Frameworks";
			outputFileListPaths = (
				"${PODS_ROOT}/Target Support Files/Pods-Recipe-Search-iOS/Pods-Recipe-Search-iOS-frameworks-${CONFIGURATION}-output-files.xcfilelist",
			);
			runOnlyForDeploymentPostprocessing = 0;
			shellPath = /bin/sh;
			shellScript = "\"${PODS_ROOT}/Target Support Files/Pods-Recipe-Search-iOS/Pods-Recipe-Search-iOS-frameworks.sh\"\n";
			showEnvVarsInLog = 0;
		};
/* End PBXShellScriptBuildPhase section */

/* Begin PBXSourcesBuildPhase section */
		2B8604102750D7DC00727A8E /* Sources */ = {
			isa = PBXSourcesBuildPhase;
			buildActionMask = 2147483647;
			files = (
				2B8E6F7D2754E7E20029B0E0 /* RecipeSearchInteractor.swift in Sources */,
				2B8E6F7F2754E8090029B0E0 /* RecipeSearchRouter.swift in Sources */,
				2B8604322750DF8300727A8E /* APIUrls.swift in Sources */,
				2B8AB72027539706004EE730 /* UIViewController+Extension.swift in Sources */,
				2B8AB72427539795004EE730 /* UITableView+Extension.swift in Sources */,
				2B8AB71C27539698004EE730 /* String+Extension.swift in Sources */,
				2B8AB6FA2753889A004EE730 /* RecipeSearchViewController.swift in Sources */,
				2B8AB70E27538D97004EE730 /* RecipeSearch+SearchBarDelegates.swift in Sources */,
				2B8AB72A2753A6B9004EE730 /* RecipeDetails+TableViewDelegates.swift in Sources */,
				2B8604182750D7DC00727A8E /* AppDelegate.swift in Sources */,
				2B8AB71927538F5D004EE730 /* RecipeResultTableViewCell.swift in Sources */,
				2B8E6F792754DB080029B0E0 /* RecipeSearchProtocols.swift in Sources */,
				2B8E6F7B2754E7770029B0E0 /* RecipeSearchPresenter.swift in Sources */,
				2B8AB7272753A593004EE730 /* RecipeDetailsTableViewCell.swift in Sources */,
				2B8AB71E275396D1004EE730 /* UIView+Extension.swift in Sources */,
				2BB337C3275589AA004B9C0F /* RecipeSearch.swift in Sources */,
				2B8AB72227539775004EE730 /* UICollectionView+Extension.swift in Sources */,
				2B8AB70627538948004EE730 /* RecipeDetailsViewController.swift in Sources */,
				2B8604302750DF5600727A8E /* APIServices.swift in Sources */,
				2B925CE12755670A007EA331 /* RecipeSearchWorker.swift in Sources */,
				2B8AB71427538F42004EE730 /* RecipeCategoryCollectionViewCell.swift in Sources */,
				2B8AB70C27538CD0004EE730 /* RecipeSearch+TableViewDelegates.swift in Sources */,
				2B8AB70A27538CBD004EE730 /* RecipeSearch+CollectionViewDelegates.swift in Sources */,
				2B8E6F812754E8DF0029B0E0 /* RecipeData.swift in Sources */,
			);
			runOnlyForDeploymentPostprocessing = 0;
		};
/* End PBXSourcesBuildPhase section */

/* Begin PBXVariantGroup section */
		2B8604222750D7DD00727A8E /* LaunchScreen.storyboard */ = {
			isa = PBXVariantGroup;
			children = (
				2B8604232750D7DD00727A8E /* Base */,
			);
			name = LaunchScreen.storyboard;
			sourceTree = "<group>";
		};
/* End PBXVariantGroup section */

/* Begin XCBuildConfiguration section */
		2B8604262750D7DD00727A8E /* Debug */ = {
			isa = XCBuildConfiguration;
			buildSettings = {
				ALWAYS_SEARCH_USER_PATHS = NO;
				CLANG_ANALYZER_NONNULL = YES;
				CLANG_ANALYZER_NUMBER_OBJECT_CONVERSION = YES_AGGRESSIVE;
				CLANG_CXX_LANGUAGE_STANDARD = "gnu++14";
				CLANG_CXX_LIBRARY = "libc++";
				CLANG_ENABLE_MODULES = YES;
				CLANG_ENABLE_OBJC_ARC = YES;
				CLANG_ENABLE_OBJC_WEAK = YES;
				CLANG_WARN_BLOCK_CAPTURE_AUTORELEASING = YES;
				CLANG_WARN_BOOL_CONVERSION = YES;
				CLANG_WARN_COMMA = YES;
				CLANG_WARN_CONSTANT_CONVERSION = YES;
				CLANG_WARN_DEPRECATED_OBJC_IMPLEMENTATIONS = YES;
				CLANG_WARN_DIRECT_OBJC_ISA_USAGE = YES_ERROR;
				CLANG_WARN_DOCUMENTATION_COMMENTS = YES;
				CLANG_WARN_EMPTY_BODY = YES;
				CLANG_WARN_ENUM_CONVERSION = YES;
				CLANG_WARN_INFINITE_RECURSION = YES;
				CLANG_WARN_INT_CONVERSION = YES;
				CLANG_WARN_NON_LITERAL_NULL_CONVERSION = YES;
				CLANG_WARN_OBJC_IMPLICIT_RETAIN_SELF = YES;
				CLANG_WARN_OBJC_LITERAL_CONVERSION = YES;
				CLANG_WARN_OBJC_ROOT_CLASS = YES_ERROR;
				CLANG_WARN_QUOTED_INCLUDE_IN_FRAMEWORK_HEADER = YES;
				CLANG_WARN_RANGE_LOOP_ANALYSIS = YES;
				CLANG_WARN_STRICT_PROTOTYPES = YES;
				CLANG_WARN_SUSPICIOUS_MOVE = YES;
				CLANG_WARN_UNGUARDED_AVAILABILITY = YES_AGGRESSIVE;
				CLANG_WARN_UNREACHABLE_CODE = YES;
				CLANG_WARN__DUPLICATE_METHOD_MATCH = YES;
				COPY_PHASE_STRIP = NO;
				DEBUG_INFORMATION_FORMAT = dwarf;
				ENABLE_STRICT_OBJC_MSGSEND = YES;
				ENABLE_TESTABILITY = YES;
				GCC_C_LANGUAGE_STANDARD = gnu11;
				GCC_DYNAMIC_NO_PIC = NO;
				GCC_NO_COMMON_BLOCKS = YES;
				GCC_OPTIMIZATION_LEVEL = 0;
				GCC_PREPROCESSOR_DEFINITIONS = (
					"DEBUG=1",
					"$(inherited)",
				);
				GCC_WARN_64_TO_32_BIT_CONVERSION = YES;
				GCC_WARN_ABOUT_RETURN_TYPE = YES_ERROR;
				GCC_WARN_UNDECLARED_SELECTOR = YES;
				GCC_WARN_UNINITIALIZED_AUTOS = YES_AGGRESSIVE;
				GCC_WARN_UNUSED_FUNCTION = YES;
				GCC_WARN_UNUSED_VARIABLE = YES;
				IPHONEOS_DEPLOYMENT_TARGET = 11.0;
				MTL_ENABLE_DEBUG_INFO = INCLUDE_SOURCE;
				MTL_FAST_MATH = YES;
				ONLY_ACTIVE_ARCH = YES;
				SDKROOT = iphoneos;
				SWIFT_ACTIVE_COMPILATION_CONDITIONS = DEBUG;
				SWIFT_OPTIMIZATION_LEVEL = "-Onone";
			};
			name = Debug;
		};
		2B8604272750D7DD00727A8E /* Release */ = {
			isa = XCBuildConfiguration;
			buildSettings = {
				ALWAYS_SEARCH_USER_PATHS = NO;
				CLANG_ANALYZER_NONNULL = YES;
				CLANG_ANALYZER_NUMBER_OBJECT_CONVERSION = YES_AGGRESSIVE;
				CLANG_CXX_LANGUAGE_STANDARD = "gnu++14";
				CLANG_CXX_LIBRARY = "libc++";
				CLANG_ENABLE_MODULES = YES;
				CLANG_ENABLE_OBJC_ARC = YES;
				CLANG_ENABLE_OBJC_WEAK = YES;
				CLANG_WARN_BLOCK_CAPTURE_AUTORELEASING = YES;
				CLANG_WARN_BOOL_CONVERSION = YES;
				CLANG_WARN_COMMA = YES;
				CLANG_WARN_CONSTANT_CONVERSION = YES;
				CLANG_WARN_DEPRECATED_OBJC_IMPLEMENTATIONS = YES;
				CLANG_WARN_DIRECT_OBJC_ISA_USAGE = YES_ERROR;
				CLANG_WARN_DOCUMENTATION_COMMENTS = YES;
				CLANG_WARN_EMPTY_BODY = YES;
				CLANG_WARN_ENUM_CONVERSION = YES;
				CLANG_WARN_INFINITE_RECURSION = YES;
				CLANG_WARN_INT_CONVERSION = YES;
				CLANG_WARN_NON_LITERAL_NULL_CONVERSION = YES;
				CLANG_WARN_OBJC_IMPLICIT_RETAIN_SELF = YES;
				CLANG_WARN_OBJC_LITERAL_CONVERSION = YES;
				CLANG_WARN_OBJC_ROOT_CLASS = YES_ERROR;
				CLANG_WARN_QUOTED_INCLUDE_IN_FRAMEWORK_HEADER = YES;
				CLANG_WARN_RANGE_LOOP_ANALYSIS = YES;
				CLANG_WARN_STRICT_PROTOTYPES = YES;
				CLANG_WARN_SUSPICIOUS_MOVE = YES;
				CLANG_WARN_UNGUARDED_AVAILABILITY = YES_AGGRESSIVE;
				CLANG_WARN_UNREACHABLE_CODE = YES;
				CLANG_WARN__DUPLICATE_METHOD_MATCH = YES;
				COPY_PHASE_STRIP = NO;
				DEBUG_INFORMATION_FORMAT = "dwarf-with-dsym";
				ENABLE_NS_ASSERTIONS = NO;
				ENABLE_STRICT_OBJC_MSGSEND = YES;
				GCC_C_LANGUAGE_STANDARD = gnu11;
				GCC_NO_COMMON_BLOCKS = YES;
				GCC_WARN_64_TO_32_BIT_CONVERSION = YES;
				GCC_WARN_ABOUT_RETURN_TYPE = YES_ERROR;
				GCC_WARN_UNDECLARED_SELECTOR = YES;
				GCC_WARN_UNINITIALIZED_AUTOS = YES_AGGRESSIVE;
				GCC_WARN_UNUSED_FUNCTION = YES;
				GCC_WARN_UNUSED_VARIABLE = YES;
				IPHONEOS_DEPLOYMENT_TARGET = 11.0;
				MTL_ENABLE_DEBUG_INFO = NO;
				MTL_FAST_MATH = YES;
				SDKROOT = iphoneos;
				SWIFT_COMPILATION_MODE = wholemodule;
				SWIFT_OPTIMIZATION_LEVEL = "-O";
				VALIDATE_PRODUCT = YES;
			};
			name = Release;
		};
		2B8604292750D7DD00727A8E /* Debug */ = {
			isa = XCBuildConfiguration;
			baseConfigurationReference = F4841AF2F17E60B4FEFB8EDD /* Pods-Recipe-Search-iOS.debug.xcconfig */;
			buildSettings = {
				ASSETCATALOG_COMPILER_APPICON_NAME = AppIcon;
				ASSETCATALOG_COMPILER_GLOBAL_ACCENT_COLOR_NAME = AccentColor;
				CODE_SIGN_STYLE = Automatic;
				INFOPLIST_FILE = "Recipe-Search-iOS/Info.plist";
				LD_RUNPATH_SEARCH_PATHS = (
					"$(inherited)",
					"@executable_path/Frameworks",
				);
				PRODUCT_BUNDLE_IDENTIFIER = "com.hala.Recipe-Search-iOS";
				PRODUCT_NAME = "$(TARGET_NAME)";
				SWIFT_VERSION = 5.0;
				TARGETED_DEVICE_FAMILY = "1,2";
			};
			name = Debug;
		};
		2B86042A2750D7DD00727A8E /* Release */ = {
			isa = XCBuildConfiguration;
			baseConfigurationReference = 60F123DDB52E41765C5AA239 /* Pods-Recipe-Search-iOS.release.xcconfig */;
			buildSettings = {
				ASSETCATALOG_COMPILER_APPICON_NAME = AppIcon;
				ASSETCATALOG_COMPILER_GLOBAL_ACCENT_COLOR_NAME = AccentColor;
				CODE_SIGN_STYLE = Automatic;
				INFOPLIST_FILE = "Recipe-Search-iOS/Info.plist";
				LD_RUNPATH_SEARCH_PATHS = (
					"$(inherited)",
					"@executable_path/Frameworks",
				);
				PRODUCT_BUNDLE_IDENTIFIER = "com.hala.Recipe-Search-iOS";
				PRODUCT_NAME = "$(TARGET_NAME)";
				SWIFT_VERSION = 5.0;
				TARGETED_DEVICE_FAMILY = "1,2";
			};
			name = Release;
		};
/* End XCBuildConfiguration section */

/* Begin XCConfigurationList section */
		2B86040F2750D7DC00727A8E /* Build configuration list for PBXProject "Recipe-Search-iOS" */ = {
			isa = XCConfigurationList;
			buildConfigurations = (
				2B8604262750D7DD00727A8E /* Debug */,
				2B8604272750D7DD00727A8E /* Release */,
			);
			defaultConfigurationIsVisible = 0;
			defaultConfigurationName = Release;
		};
		2B8604282750D7DD00727A8E /* Build configuration list for PBXNativeTarget "Recipe-Search-iOS" */ = {
			isa = XCConfigurationList;
			buildConfigurations = (
				2B8604292750D7DD00727A8E /* Debug */,
				2B86042A2750D7DD00727A8E /* Release */,
			);
			defaultConfigurationIsVisible = 0;
			defaultConfigurationName = Release;
		};
/* End XCConfigurationList section */
	};
	rootObject = 2B86040C2750D7DC00727A8E /* Project object */;
}
